// !$*UTF8*$!
{
	archiveVersion = 1;
	classes = {
	};
	objectVersion = 50;
	objects = {

/* Begin PBXBuildFile section */
		FBE7E3DA226B6265007006E5 /* AppDelegate.swift in Sources */ = {isa = PBXBuildFile; fileRef = FBE7E3D9226B6265007006E5 /* AppDelegate.swift */; };
		FBE7E3DC226B6265007006E5 /* ViewController.swift in Sources */ = {isa = PBXBuildFile; fileRef = FBE7E3DB226B6265007006E5 /* ViewController.swift */; };
		FBE7E3DF226B6265007006E5 /* Main.storyboard in Resources */ = {isa = PBXBuildFile; fileRef = FBE7E3DD226B6265007006E5 /* Main.storyboard */; };
		FBE7E3E1226B6266007006E5 /* Assets.xcassets in Resources */ = {isa = PBXBuildFile; fileRef = FBE7E3E0226B6266007006E5 /* Assets.xcassets */; };
		FBE7E3E4226B6266007006E5 /* LaunchScreen.storyboard in Resources */ = {isa = PBXBuildFile; fileRef = FBE7E3E2226B6266007006E5 /* LaunchScreen.storyboard */; };
		FBE7E3EF226B6266007006E5 /* TaboolaHomeAssignmentTests.swift in Sources */ = {isa = PBXBuildFile; fileRef = FBE7E3EE226B6266007006E5 /* TaboolaHomeAssignmentTests.swift */; };
		FBE7E3FB226B63C2007006E5 /* Amazon.swift in Sources */ = {isa = PBXBuildFile; fileRef = FBE7E3FA226B63C2007006E5 /* Amazon.swift */; };
		FBE7E3FE226B654F007006E5 /* AmazonCell.swift in Sources */ = {isa = PBXBuildFile; fileRef = FBE7E3FD226B654F007006E5 /* AmazonCell.swift */; };
		FBE7E401226B65AA007006E5 /* CustomUIImageView.swift in Sources */ = {isa = PBXBuildFile; fileRef = FBE7E400226B65AA007006E5 /* CustomUIImageView.swift */; };
/* End PBXBuildFile section */

/* Begin PBXContainerItemProxy section */
		FBE7E3EB226B6266007006E5 /* PBXContainerItemProxy */ = {
			isa = PBXContainerItemProxy;
			containerPortal = FBE7E3CE226B6265007006E5 /* Project object */;
			proxyType = 1;
			remoteGlobalIDString = FBE7E3D5226B6265007006E5;
			remoteInfo = TaboolaHomeAssignment;
		};
/* End PBXContainerItemProxy section */

/* Begin PBXFileReference section */
		FBE7E3D6226B6265007006E5 /* TaboolaHomeAssignment.app */ = {isa = PBXFileReference; explicitFileType = wrapper.application; includeInIndex = 0; path = TaboolaHomeAssignment.app; sourceTree = BUILT_PRODUCTS_DIR; };
		FBE7E3D9226B6265007006E5 /* AppDelegate.swift */ = {isa = PBXFileReference; lastKnownFileType = sourcecode.swift; path = AppDelegate.swift; sourceTree = "<group>"; };
		FBE7E3DB226B6265007006E5 /* ViewController.swift */ = {isa = PBXFileReference; lastKnownFileType = sourcecode.swift; path = ViewController.swift; sourceTree = "<group>"; };
		FBE7E3DE226B6265007006E5 /* Base */ = {isa = PBXFileReference; lastKnownFileType = file.storyboard; name = Base; path = Base.lproj/Main.storyboard; sourceTree = "<group>"; };
		FBE7E3E0226B6266007006E5 /* Assets.xcassets */ = {isa = PBXFileReference; lastKnownFileType = folder.assetcatalog; path = Assets.xcassets; sourceTree = "<group>"; };
		FBE7E3E3226B6266007006E5 /* Base */ = {isa = PBXFileReference; lastKnownFileType = file.storyboard; name = Base; path = Base.lproj/LaunchScreen.storyboard; sourceTree = "<group>"; };
		FBE7E3E5226B6266007006E5 /* Info.plist */ = {isa = PBXFileReference; lastKnownFileType = text.plist.xml; path = Info.plist; sourceTree = "<group>"; };
		FBE7E3EA226B6266007006E5 /* TaboolaHomeAssignmentTests.xctest */ = {isa = PBXFileReference; explicitFileType = wrapper.cfbundle; includeInIndex = 0; path = TaboolaHomeAssignmentTests.xctest; sourceTree = BUILT_PRODUCTS_DIR; };
		FBE7E3EE226B6266007006E5 /* TaboolaHomeAssignmentTests.swift */ = {isa = PBXFileReference; lastKnownFileType = sourcecode.swift; path = TaboolaHomeAssignmentTests.swift; sourceTree = "<group>"; };
		FBE7E3F0226B6266007006E5 /* Info.plist */ = {isa = PBXFileReference; lastKnownFileType = text.plist.xml; path = Info.plist; sourceTree = "<group>"; };
		FBE7E3FA226B63C2007006E5 /* Amazon.swift */ = {isa = PBXFileReference; lastKnownFileType = sourcecode.swift; path = Amazon.swift; sourceTree = "<group>"; };
		FBE7E3FD226B654F007006E5 /* AmazonCell.swift */ = {isa = PBXFileReference; lastKnownFileType = sourcecode.swift; path = AmazonCell.swift; sourceTree = "<group>"; };
		FBE7E400226B65AA007006E5 /* CustomUIImageView.swift */ = {isa = PBXFileReference; lastKnownFileType = sourcecode.swift; path = CustomUIImageView.swift; sourceTree = "<group>"; };
/* End PBXFileReference section */

/* Begin PBXFrameworksBuildPhase section */
		FBE7E3D3226B6265007006E5 /* Frameworks */ = {
			isa = PBXFrameworksBuildPhase;
			buildActionMask = 2147483647;
			files = (
			);
			runOnlyForDeploymentPostprocessing = 0;
		};
		FBE7E3E7226B6266007006E5 /* Frameworks */ = {
			isa = PBXFrameworksBuildPhase;
			buildActionMask = 2147483647;
			files = (
			);
			runOnlyForDeploymentPostprocessing = 0;
		};
/* End PBXFrameworksBuildPhase section */

/* Begin PBXGroup section */
		FBE7E3CD226B6265007006E5 = {
			isa = PBXGroup;
			children = (
				FBE7E3D8226B6265007006E5 /* TaboolaHomeAssignment */,
				FBE7E3ED226B6266007006E5 /* TaboolaHomeAssignmentTests */,
				FBE7E3D7226B6265007006E5 /* Products */,
			);
			sourceTree = "<group>";
		};
		FBE7E3D7226B6265007006E5 /* Products */ = {
			isa = PBXGroup;
			children = (
				FBE7E3D6226B6265007006E5 /* TaboolaHomeAssignment.app */,
				FBE7E3EA226B6266007006E5 /* TaboolaHomeAssignmentTests.xctest */,
			);
			name = Products;
			sourceTree = "<group>";
		};
		FBE7E3D8226B6265007006E5 /* TaboolaHomeAssignment */ = {
			isa = PBXGroup;
			children = (
				FBE7E3D9226B6265007006E5 /* AppDelegate.swift */,
				FBE7E3E5226B6266007006E5 /* Info.plist */,
				FBE7E404226B6627007006E5 /* Supporting files */,
				FBE7E403226B660B007006E5 /* Storyboards */,
				FBE7E3FF226B657E007006E5 /* Extensions */,
				FBE7E3F9226B63A9007006E5 /* Model */,
				FBE7E3FC226B6524007006E5 /* View */,
				FBE7E402226B65DF007006E5 /* Controller */,
			);
			path = TaboolaHomeAssignment;
			sourceTree = "<group>";
		};
		FBE7E3ED226B6266007006E5 /* TaboolaHomeAssignmentTests */ = {
			isa = PBXGroup;
			children = (
				FBE7E3EE226B6266007006E5 /* TaboolaHomeAssignmentTests.swift */,
				FBE7E3F0226B6266007006E5 /* Info.plist */,
			);
			path = TaboolaHomeAssignmentTests;
			sourceTree = "<group>";
		};
		FBE7E3F9226B63A9007006E5 /* Model */ = {
			isa = PBXGroup;
			children = (
				FBE7E3FA226B63C2007006E5 /* Amazon.swift */,
			);
			path = Model;
			sourceTree = "<group>";
		};
		FBE7E3FC226B6524007006E5 /* View */ = {
			isa = PBXGroup;
			children = (
				FBE7E3FD226B654F007006E5 /* AmazonCell.swift */,
			);
			path = View;
			sourceTree = "<group>";
		};
		FBE7E3FF226B657E007006E5 /* Extensions */ = {
			isa = PBXGroup;
			children = (
				FBE7E400226B65AA007006E5 /* CustomUIImageView.swift */,
			);
			path = Extensions;
			sourceTree = "<group>";
		};
		FBE7E402226B65DF007006E5 /* Controller */ = {
			isa = PBXGroup;
			children = (
				FBE7E3DB226B6265007006E5 /* ViewController.swift */,
			);
			path = Controller;
			sourceTree = "<group>";
		};
		FBE7E403226B660B007006E5 /* Storyboards */ = {
			isa = PBXGroup;
			children = (
				FBE7E3DD226B6265007006E5 /* Main.storyboard */,
				FBE7E3E2226B6266007006E5 /* LaunchScreen.storyboard */,
			);
			path = Storyboards;
			sourceTree = "<group>";
		};
		FBE7E404226B6627007006E5 /* Supporting files */ = {
			isa = PBXGroup;
			children = (
				FBE7E3E0226B6266007006E5 /* Assets.xcassets */,
			);
			path = "Supporting files";
			sourceTree = "<group>";
		};
/* End PBXGroup section */

/* Begin PBXNativeTarget section */
		FBE7E3D5226B6265007006E5 /* TaboolaHomeAssignment */ = {
			isa = PBXNativeTarget;
			buildConfigurationList = FBE7E3F3226B6266007006E5 /* Build configuration list for PBXNativeTarget "TaboolaHomeAssignment" */;
			buildPhases = (
				FBE7E3D2226B6265007006E5 /* Sources */,
				FBE7E3D3226B6265007006E5 /* Frameworks */,
				FBE7E3D4226B6265007006E5 /* Resources */,
			);
			buildRules = (
			);
			dependencies = (
			);
			name = TaboolaHomeAssignment;
			productName = TaboolaHomeAssignment;
			productReference = FBE7E3D6226B6265007006E5 /* TaboolaHomeAssignment.app */;
			productType = "com.apple.product-type.application";
		};
		FBE7E3E9226B6266007006E5 /* TaboolaHomeAssignmentTests */ = {
			isa = PBXNativeTarget;
			buildConfigurationList = FBE7E3F6226B6266007006E5 /* Build configuration list for PBXNativeTarget "TaboolaHomeAssignmentTests" */;
			buildPhases = (
				FBE7E3E6226B6266007006E5 /* Sources */,
				FBE7E3E7226B6266007006E5 /* Frameworks */,
				FBE7E3E8226B6266007006E5 /* Resources */,
			);
			buildRules = (
			);
			dependencies = (
				FBE7E3EC226B6266007006E5 /* PBXTargetDependency */,
			);
			name = TaboolaHomeAssignmentTests;
			productName = TaboolaHomeAssignmentTests;
			productReference = FBE7E3EA226B6266007006E5 /* TaboolaHomeAssignmentTests.xctest */;
			productType = "com.apple.product-type.bundle.unit-test";
		};
/* End PBXNativeTarget section */

/* Begin PBXProject section */
		FBE7E3CE226B6265007006E5 /* Project object */ = {
			isa = PBXProject;
			attributes = {
				LastSwiftUpdateCheck = 1020;
				LastUpgradeCheck = 1020;
				ORGANIZATIONNAME = "Alon Harari";
				TargetAttributes = {
					FBE7E3D5226B6265007006E5 = {
						CreatedOnToolsVersion = 10.2.1;
					};
					FBE7E3E9226B6266007006E5 = {
						CreatedOnToolsVersion = 10.2.1;
						TestTargetID = FBE7E3D5226B6265007006E5;
					};
				};
			};
			buildConfigurationList = FBE7E3D1226B6265007006E5 /* Build configuration list for PBXProject "TaboolaHomeAssignment" */;
			compatibilityVersion = "Xcode 9.3";
			developmentRegion = en;
			hasScannedForEncodings = 0;
			knownRegions = (
				en,
				Base,
			);
			mainGroup = FBE7E3CD226B6265007006E5;
			productRefGroup = FBE7E3D7226B6265007006E5 /* Products */;
			projectDirPath = "";
			projectRoot = "";
			targets = (
				FBE7E3D5226B6265007006E5 /* TaboolaHomeAssignment */,
				FBE7E3E9226B6266007006E5 /* TaboolaHomeAssignmentTests */,
			);
		};
/* End PBXProject section */

/* Begin PBXResourcesBuildPhase section */
		FBE7E3D4226B6265007006E5 /* Resources */ = {
			isa = PBXResourcesBuildPhase;
			buildActionMask = 2147483647;
			files = (
				FBE7E3E4226B6266007006E5 /* LaunchScreen.storyboard in Resources */,
				FBE7E3E1226B6266007006E5 /* Assets.xcassets in Resources */,
				FBE7E3DF226B6265007006E5 /* Main.storyboard in Resources */,
			);
			runOnlyForDeploymentPostprocessing = 0;
		};
		FBE7E3E8226B6266007006E5 /* Resources */ = {
			isa = PBXResourcesBuildPhase;
			buildActionMask = 2147483647;
			files = (
			);
			runOnlyForDeploymentPostprocessing = 0;
		};
/* End PBXResourcesBuildPhase section */

/* Begin PBXSourcesBuildPhase section */
		FBE7E3D2226B6265007006E5 /* Sources */ = {
			isa = PBXSourcesBuildPhase;
			buildActionMask = 2147483647;
			files = (
				FBE7E3DC226B6265007006E5 /* ViewController.swift in Sources */,
				FBE7E401226B65AA007006E5 /* CustomUIImageView.swift in Sources */,
				FBE7E3FE226B654F007006E5 /* AmazonCell.swift in Sources */,
				FBE7E3DA226B6265007006E5 /* AppDelegate.swift in Sources */,
				FBE7E3FB226B63C2007006E5 /* Amazon.swift in Sources */,
			);
			runOnlyForDeploymentPostprocessing = 0;
		};
		FBE7E3E6226B6266007006E5 /* Sources */ = {
			isa = PBXSourcesBuildPhase;
			buildActionMask = 2147483647;
			files = (
				FBE7E3EF226B6266007006E5 /* TaboolaHomeAssignmentTests.swift in Sources */,
			);
			runOnlyForDeploymentPostprocessing = 0;
		};
/* End PBXSourcesBuildPhase section */

/* Begin PBXTargetDependency section */
		FBE7E3EC226B6266007006E5 /* PBXTargetDependency */ = {
			isa = PBXTargetDependency;
			target = FBE7E3D5226B6265007006E5 /* TaboolaHomeAssignment */;
			targetProxy = FBE7E3EB226B6266007006E5 /* PBXContainerItemProxy */;
		};
/* End PBXTargetDependency section */

/* Begin PBXVariantGroup section */
		FBE7E3DD226B6265007006E5 /* Main.storyboard */ = {
			isa = PBXVariantGroup;
			children = (
				FBE7E3DE226B6265007006E5 /* Base */,
			);
			name = Main.storyboard;
			sourceTree = "<group>";
		};
		FBE7E3E2226B6266007006E5 /* LaunchScreen.storyboard */ = {
			isa = PBXVariantGroup;
			children = (
				FBE7E3E3226B6266007006E5 /* Base */,
			);
			name = LaunchScreen.storyboard;
			sourceTree = "<group>";
		};
/* End PBXVariantGroup section */

/* Begin XCBuildConfiguration section */
		FBE7E3F1226B6266007006E5 /* Debug */ = {
			isa = XCBuildConfiguration;
			buildSettings = {
				ALWAYS_SEARCH_USER_PATHS = NO;
				CLANG_ANALYZER_NONNULL = YES;
				CLANG_ANALYZER_NUMBER_OBJECT_CONVERSION = YES_AGGRESSIVE;
				CLANG_CXX_LANGUAGE_STANDARD = "gnu++14";
				CLANG_CXX_LIBRARY = "libc++";
				CLANG_ENABLE_MODULES = YES;
				CLANG_ENABLE_OBJC_ARC = YES;
				CLANG_ENABLE_OBJC_WEAK = YES;
				CLANG_WARN_BLOCK_CAPTURE_AUTORELEASING = YES;
				CLANG_WARN_BOOL_CONVERSION = YES;
				CLANG_WARN_COMMA = YES;
				CLANG_WARN_CONSTANT_CONVERSION = YES;
				CLANG_WARN_DEPRECATED_OBJC_IMPLEMENTATIONS = YES;
				CLANG_WARN_DIRECT_OBJC_ISA_USAGE = YES_ERROR;
				CLANG_WARN_DOCUMENTATION_COMMENTS = YES;
				CLANG_WARN_EMPTY_BODY = YES;
				CLANG_WARN_ENUM_CONVERSION = YES;
				CLANG_WARN_INFINITE_RECURSION = YES;
				CLANG_WARN_INT_CONVERSION = YES;
				CLANG_WARN_NON_LITERAL_NULL_CONVERSION = YES;
				CLANG_WARN_OBJC_IMPLICIT_RETAIN_SELF = YES;
				CLANG_WARN_OBJC_LITERAL_CONVERSION = YES;
				CLANG_WARN_OBJC_ROOT_CLASS = YES_ERROR;
				CLANG_WARN_RANGE_LOOP_ANALYSIS = YES;
				CLANG_WARN_STRICT_PROTOTYPES = YES;
				CLANG_WARN_SUSPICIOUS_MOVE = YES;
				CLANG_WARN_UNGUARDED_AVAILABILITY = YES_AGGRESSIVE;
				CLANG_WARN_UNREACHABLE_CODE = YES;
				CLANG_WARN__DUPLICATE_METHOD_MATCH = YES;
				CODE_SIGN_IDENTITY = "iPhone Developer";
				COPY_PHASE_STRIP = NO;
				DEBUG_INFORMATION_FORMAT = dwarf;
				ENABLE_STRICT_OBJC_MSGSEND = YES;
				ENABLE_TESTABILITY = YES;
				GCC_C_LANGUAGE_STANDARD = gnu11;
				GCC_DYNAMIC_NO_PIC = NO;
				GCC_NO_COMMON_BLOCKS = YES;
				GCC_OPTIMIZATION_LEVEL = 0;
				GCC_PREPROCESSOR_DEFINITIONS = (
					"DEBUG=1",
					"$(inherited)",
				);
				GCC_WARN_64_TO_32_BIT_CONVERSION = YES;
				GCC_WARN_ABOUT_RETURN_TYPE = YES_ERROR;
				GCC_WARN_UNDECLARED_SELECTOR = YES;
				GCC_WARN_UNINITIALIZED_AUTOS = YES_AGGRESSIVE;
				GCC_WARN_UNUSED_FUNCTION = YES;
				GCC_WARN_UNUSED_VARIABLE = YES;
				IPHONEOS_DEPLOYMENT_TARGET = 12.2;
				MTL_ENABLE_DEBUG_INFO = INCLUDE_SOURCE;
				MTL_FAST_MATH = YES;
				ONLY_ACTIVE_ARCH = YES;
				SDKROOT = iphoneos;
				SWIFT_ACTIVE_COMPILATION_CONDITIONS = DEBUG;
				SWIFT_OPTIMIZATION_LEVEL = "-Onone";
			};
			name = Debug;
		};
		FBE7E3F2226B6266007006E5 /* Release */ = {
			isa = XCBuildConfiguration;
			buildSettings = {
				ALWAYS_SEARCH_USER_PATHS = NO;
				CLANG_ANALYZER_NONNULL = YES;
				CLANG_ANALYZER_NUMBER_OBJECT_CONVERSION = YES_AGGRESSIVE;
				CLANG_CXX_LANGUAGE_STANDARD = "gnu++14";
				CLANG_CXX_LIBRARY = "libc++";
				CLANG_ENABLE_MODULES = YES;
				CLANG_ENABLE_OBJC_ARC = YES;
				CLANG_ENABLE_OBJC_WEAK = YES;
				CLANG_WARN_BLOCK_CAPTURE_AUTORELEASING = YES;
				CLANG_WARN_BOOL_CONVERSION = YES;
				CLANG_WARN_COMMA = YES;
				CLANG_WARN_CONSTANT_CONVERSION = YES;
				CLANG_WARN_DEPRECATED_OBJC_IMPLEMENTATIONS = YES;
				CLANG_WARN_DIRECT_OBJC_ISA_USAGE = YES_ERROR;
				CLANG_WARN_DOCUMENTATION_COMMENTS = YES;
				CLANG_WARN_EMPTY_BODY = YES;
				CLANG_WARN_ENUM_CONVERSION = YES;
				CLANG_WARN_INFINITE_RECURSION = YES;
				CLANG_WARN_INT_CONVERSION = YES;
				CLANG_WARN_NON_LITERAL_NULL_CONVERSION = YES;
				CLANG_WARN_OBJC_IMPLICIT_RETAIN_SELF = YES;
				CLANG_WARN_OBJC_LITERAL_CONVERSION = YES;
				CLANG_WARN_OBJC_ROOT_CLASS = YES_ERROR;
				CLANG_WARN_RANGE_LOOP_ANALYSIS = YES;
				CLANG_WARN_STRICT_PROTOTYPES = YES;
				CLANG_WARN_SUSPICIOUS_MOVE = YES;
				CLANG_WARN_UNGUARDED_AVAILABILITY = YES_AGGRESSIVE;
				CLANG_WARN_UNREACHABLE_CODE = YES;
				CLANG_WARN__DUPLICATE_METHOD_MATCH = YES;
				CODE_SIGN_IDENTITY = "iPhone Developer";
				COPY_PHASE_STRIP = NO;
				DEBUG_INFORMATION_FORMAT = "dwarf-with-dsym";
				ENABLE_NS_ASSERTIONS = NO;
				ENABLE_STRICT_OBJC_MSGSEND = YES;
				GCC_C_LANGUAGE_STANDARD = gnu11;
				GCC_NO_COMMON_BLOCKS = YES;
				GCC_WARN_64_TO_32_BIT_CONVERSION = YES;
				GCC_WARN_ABOUT_RETURN_TYPE = YES_ERROR;
				GCC_WARN_UNDECLARED_SELECTOR = YES;
				GCC_WARN_UNINITIALIZED_AUTOS = YES_AGGRESSIVE;
				GCC_WARN_UNUSED_FUNCTION = YES;
				GCC_WARN_UNUSED_VARIABLE = YES;
				IPHONEOS_DEPLOYMENT_TARGET = 12.2;
				MTL_ENABLE_DEBUG_INFO = NO;
				MTL_FAST_MATH = YES;
				SDKROOT = iphoneos;
				SWIFT_COMPILATION_MODE = wholemodule;
				SWIFT_OPTIMIZATION_LEVEL = "-O";
				VALIDATE_PRODUCT = YES;
			};
			name = Release;
		};
		FBE7E3F4226B6266007006E5 /* Debug */ = {
			isa = XCBuildConfiguration;
			buildSettings = {
				ASSETCATALOG_COMPILER_APPICON_NAME = AppIcon;
				CODE_SIGN_STYLE = Automatic;
				DEVELOPMENT_TEAM = E7B74EFZ33;
				INFOPLIST_FILE = TaboolaHomeAssignment/Info.plist;
				LD_RUNPATH_SEARCH_PATHS = (
					"$(inherited)",
					"@executable_path/Frameworks",
				);
				PRODUCT_BUNDLE_IDENTIFIER = hrri.TaboolaHomeAssignment;
				PRODUCT_NAME = "$(TARGET_NAME)";
				SWIFT_VERSION = 5.0;
				TARGETED_DEVICE_FAMILY = "1,2";
			};
			name = Debug;
		};
		FBE7E3F5226B6266007006E5 /* Release */ = {
			isa = XCBuildConfiguration;
			buildSettings = {
				ASSETCATALOG_COMPILER_APPICON_NAME = AppIcon;
				CODE_SIGN_STYLE = Automatic;
				DEVELOPMENT_TEAM = E7B74EFZ33;
				INFOPLIST_FILE = TaboolaHomeAssignment/Info.plist;
				LD_RUNPATH_SEARCH_PATHS = (
					"$(inherited)",
					"@executable_path/Frameworks",
				);
				PRODUCT_BUNDLE_IDENTIFIER = hrri.TaboolaHomeAssignment;
				PRODUCT_NAME = "$(TARGET_NAME)";
				SWIFT_VERSION = 5.0;
				TARGETED_DEVICE_FAMILY = "1,2";
			};
			name = Release;
		};
		FBE7E3F7226B6266007006E5 /* Debug */ = {
			isa = XCBuildConfiguration;
			buildSettings = {
				ALWAYS_EMBED_SWIFT_STANDARD_LIBRARIES = YES;
				BUNDLE_LOADER = "$(TEST_HOST)";
				CODE_SIGN_STYLE = Automatic;
				DEVELOPMENT_TEAM = E7B74EFZ33;
				INFOPLIST_FILE = TaboolaHomeAssignmentTests/Info.plist;
				LD_RUNPATH_SEARCH_PATHS = (
					"$(inherited)",
					"@executable_path/Frameworks",
					"@loader_path/Frameworks",
				);
				PRODUCT_BUNDLE_IDENTIFIER = hrri.TaboolaHomeAssignmentTests;
				PRODUCT_NAME = "$(TARGET_NAME)";
				SWIFT_VERSION = 5.0;
				TARGETED_DEVICE_FAMILY = "1,2";
				TEST_HOST = "$(BUILT_PRODUCTS_DIR)/TaboolaHomeAssignment.app/TaboolaHomeAssignment";
			};
			name = Debug;
		};
		FBE7E3F8226B6266007006E5 /* Release */ = {
			isa = XCBuildConfiguration;
			buildSettings = {
				ALWAYS_EMBED_SWIFT_STANDARD_LIBRARIES = YES;
				BUNDLE_LOADER = "$(TEST_HOST)";
				CODE_SIGN_STYLE = Automatic;
				DEVELOPMENT_TEAM = E7B74EFZ33;
				INFOPLIST_FILE = TaboolaHomeAssignmentTests/Info.plist;
				LD_RUNPATH_SEARCH_PATHS = (
					"$(inherited)",
					"@executable_path/Frameworks",
					"@loader_path/Frameworks",
				);
				PRODUCT_BUNDLE_IDENTIFIER = hrri.TaboolaHomeAssignmentTests;
				PRODUCT_NAME = "$(TARGET_NAME)";
				SWIFT_VERSION = 5.0;
				TARGETED_DEVICE_FAMILY = "1,2";
				TEST_HOST = "$(BUILT_PRODUCTS_DIR)/TaboolaHomeAssignment.app/TaboolaHomeAssignment";
			};
			name = Release;
		};
/* End XCBuildConfiguration section */

/* Begin XCConfigurationList section */
		FBE7E3D1226B6265007006E5 /* Build configuration list for PBXProject "TaboolaHomeAssignment" */ = {
			isa = XCConfigurationList;
			buildConfigurations = (
				FBE7E3F1226B6266007006E5 /* Debug */,
				FBE7E3F2226B6266007006E5 /* Release */,
			);
			defaultConfigurationIsVisible = 0;
			defaultConfigurationName = Release;
		};
		FBE7E3F3226B6266007006E5 /* Build configuration list for PBXNativeTarget "TaboolaHomeAssignment" */ = {
			isa = XCConfigurationList;
			buildConfigurations = (
				FBE7E3F4226B6266007006E5 /* Debug */,
				FBE7E3F5226B6266007006E5 /* Release */,
			);
			defaultConfigurationIsVisible = 0;
			defaultConfigurationName = Release;
		};
		FBE7E3F6226B6266007006E5 /* Build configuration list for PBXNativeTarget "TaboolaHomeAssignmentTests" */ = {
			isa = XCConfigurationList;
			buildConfigurations = (
				FBE7E3F7226B6266007006E5 /* Debug */,
				FBE7E3F8226B6266007006E5 /* Release */,
			);
			defaultConfigurationIsVisible = 0;
			defaultConfigurationName = Release;
		};
/* End XCConfigurationList section */
	};
	rootObject = FBE7E3CE226B6265007006E5 /* Project object */;
}
